PODS:
  - authenticate_tencent (0.0.1):
    - Flutter
  - Flutter (1.0.0)
  - fluttertoast (0.0.2):
    - Flutter
    - Toast
  - permission_handler_apple (9.1.1):
    - Flutter
  - Toast (4.0.0)

DEPENDENCIES:
  - authenticate_tencent (from `.symlinks/plugins/authenticate_tencent/ios`)
  - Flutter (from `Flutter`)
  - fluttertoast (from `.symlinks/plugins/fluttertoast/ios`)
  - permission_handler_apple (from `.symlinks/plugins/permission_handler_apple/ios`)

SPEC REPOS:
  trunk:
    - Toast

EXTERNAL SOURCES:
  authenticate_tencent:
    :path: ".symlinks/plugins/authenticate_tencent/ios"
  Flutter:
    :path: Flutter
  fluttertoast:
    :path: ".symlinks/plugins/fluttertoast/ios"
  permission_handler_apple:
    :path: ".symlinks/plugins/permission_handler_apple/ios"

SPEC CHECKSUMS:
  authenticate_tencent: 326f6a5623ec1ab0971daf066afdf57068553289
  Flutter: f04841e97a9d0b0a8025694d0796dd46242b2854
  fluttertoast: 31b00dabfa7fb7bacd9e7dbee580d7a2ff4bf265
  permission_handler_apple: e76247795d700c14ea09e3a2d8855d41ee80a2e6
  Toast: 91b396c56ee72a5790816f40d3a94dd357abc196

PODFILE CHECKSUM: c2b7d76124192629287fe4c568f26453c4fcfb59

COCOAPODS: 1.14.3
