PODS:
  - authenticate_tencent (0.0.2):
    - Flutter
  - Flutter (1.0.0)
  - fluttertoast (0.0.2):
    - Flutter
    - Toast
  - permission_handler_apple (9.1.1):
    - Flutter
  - Toast (4.0.0)

DEPENDENCIES:
  - authenticate_tencent (from `.symlinks/plugins/authenticate_tencent/ios`)
  - Flutter (from `Flutter`)
  - fluttertoast (from `.symlinks/plugins/fluttertoast/ios`)
  - permission_handler_apple (from `.symlinks/plugins/permission_handler_apple/ios`)

SPEC REPOS:
  trunk:
    - Toast

EXTERNAL SOURCES:
  authenticate_tencent:
    :path: ".symlinks/plugins/authenticate_tencent/ios"
  Flutter:
    :path: Flutter
  fluttertoast:
    :path: ".symlinks/plugins/fluttertoast/ios"
  permission_handler_apple:
    :path: ".symlinks/plugins/permission_handler_apple/ios"

SPEC CHECKSUMS:
  authenticate_tencent: 112afd4b96f3f78b9679eec0a482e1e8d35f1952
  Flutter: f04841e97a9d0b0a8025694d0796dd46242b2854
  fluttertoast: 31b00dabfa7fb7bacd9e7dbee580d7a2ff4bf265
  permission_handler_apple: e76247795d700c14ea09e3a2d8855d41ee80a2e6
  Toast: 91b396c56ee72a5790816f40d3a94dd357abc196

PODFILE CHECKSUM: 897491747d597093bc2da9d6a608be9bffd1dfb6

COCOAPODS: 1.14.3
